// !$*UTF8*$!
{
	archiveVersion = 1;
	classes = {
	};
	objectVersion = 77;
	objects = {

/* Begin PBXBuildFile section */
		4ACADD712DB1AEDC0084939F /* WidgetKit.framework in Frameworks */ = {isa = PBXBuildFile; fileRef = 4ACADD702DB1AEDB0084939F /* WidgetKit.framework */; };
		4ACADD732DB1AEDC0084939F /* SwiftUI.framework in Frameworks */ = {isa = PBXBuildFile; fileRef = 4ACADD722DB1AEDC0084939F /* SwiftUI.framework */; };
		4ACADD842DB1AEDE0084939F /* ClimbingTrackerWidgetExtension.appex in Embed Foundation Extensions */ = {isa = PBXBuildFile; fileRef = 4ACADD6E2DB1AEDB0084939F /* ClimbingTrackerWidgetExtension.appex */; settings = {ATTRIBUTES = (RemoveHeadersOnCopy, ); }; };
/* End PBXBuildFile section */

/* Begin PBXContainerItemProxy section */
		4ACADD212DB17C500084939F /* PBXContainerItemProxy */ = {
			isa = PBXContainerItemProxy;
			containerPortal = 4ACADD062DB17C4E0084939F /* Project object */;
			proxyType = 1;
			remoteGlobalIDString = 4ACADD0D2DB17C4E0084939F;
			remoteInfo = climbingtracker99;
		};
		4ACADD2B2DB17C510084939F /* PBXContainerItemProxy */ = {
			isa = PBXContainerItemProxy;
			containerPortal = 4ACADD062DB17C4E0084939F /* Project object */;
			proxyType = 1;
			remoteGlobalIDString = 4ACADD0D2DB17C4E0084939F;
			remoteInfo = climbingtracker99;
		};
		4ACADD822DB1AEDE0084939F /* PBXContainerItemProxy */ = {
			isa = PBXContainerItemProxy;
			containerPortal = 4ACADD062DB17C4E0084939F /* Project object */;
			proxyType = 1;
			remoteGlobalIDString = 4ACADD6D2DB1AEDB0084939F;
			remoteInfo = ClimbingTrackerWidgetExtension;
		};
/* End PBXContainerItemProxy section */

/* Begin PBXCopyFilesBuildPhase section */
		4ACADD892DB1AEDE0084939F /* Embed Foundation Extensions */ = {
			isa = PBXCopyFilesBuildPhase;
			buildActionMask = 2147483647;
			dstPath = "";
			dstSubfolderSpec = 13;
			files = (
				4ACADD842DB1AEDE0084939F /* ClimbingTrackerWidgetExtension.appex in Embed Foundation Extensions */,
			);
			name = "Embed Foundation Extensions";
			runOnlyForDeploymentPostprocessing = 0;
		};
/* End PBXCopyFilesBuildPhase section */

/* Begin PBXFileReference section */
		4ACADD0E2DB17C4E0084939F /* climbingtracker99.app */ = {isa = PBXFileReference; explicitFileType = wrapper.application; includeInIndex = 0; path = climbingtracker99.app; sourceTree = BUILT_PRODUCTS_DIR; };
		4ACADD202DB17C500084939F /* climbingtracker99Tests.xctest */ = {isa = PBXFileReference; explicitFileType = wrapper.cfbundle; includeInIndex = 0; path = climbingtracker99Tests.xctest; sourceTree = BUILT_PRODUCTS_DIR; };
		4ACADD2A2DB17C510084939F /* climbingtracker99UITests.xctest */ = {isa = PBXFileReference; explicitFileType = wrapper.cfbundle; includeInIndex = 0; path = climbingtracker99UITests.xctest; sourceTree = BUILT_PRODUCTS_DIR; };
		4ACADD6E2DB1AEDB0084939F /* ClimbingTrackerWidgetExtension.appex */ = {isa = PBXFileReference; explicitFileType = "wrapper.app-extension"; includeInIndex = 0; path = ClimbingTrackerWidgetExtension.appex; sourceTree = BUILT_PRODUCTS_DIR; };
		4ACADD702DB1AEDB0084939F /* WidgetKit.framework */ = {isa = PBXFileReference; lastKnownFileType = wrapper.framework; name = WidgetKit.framework; path = System/Library/Frameworks/WidgetKit.framework; sourceTree = SDKROOT; };
		4ACADD722DB1AEDC0084939F /* SwiftUI.framework */ = {isa = PBXFileReference; lastKnownFileType = wrapper.framework; name = SwiftUI.framework; path = System/Library/Frameworks/SwiftUI.framework; sourceTree = SDKROOT; };
		4ACADD8B2DB1AFA50084939F /* ClimbingTrackerWidgetExtension.entitlements */ = {isa = PBXFileReference; lastKnownFileType = text.plist.entitlements; path = ClimbingTrackerWidgetExtension.entitlements; sourceTree = "<group>"; };
/* End PBXFileReference section */

/* Begin PBXFileSystemSynchronizedBuildFileExceptionSet section */
		4ACADD852DB1AEDE0084939F /* Exceptions for "ClimbingTrackerWidget" folder in "ClimbingTrackerWidgetExtension" target */ = {
			isa = PBXFileSystemSynchronizedBuildFileExceptionSet;
			membershipExceptions = (
				Info.plist,
			);
			target = 4ACADD6D2DB1AEDB0084939F /* ClimbingTrackerWidgetExtension */;
		};
/* End PBXFileSystemSynchronizedBuildFileExceptionSet section */

/* Begin PBXFileSystemSynchronizedRootGroup section */
		4ACADD102DB17C4E0084939F /* climbingtracker99 */ = {
			isa = PBXFileSystemSynchronizedRootGroup;
			path = climbingtracker99;
			sourceTree = "<group>";
		};
		4ACADD232DB17C500084939F /* climbingtracker99Tests */ = {
			isa = PBXFileSystemSynchronizedRootGroup;
			path = climbingtracker99Tests;
			sourceTree = "<group>";
		};
		4ACADD2D2DB17C510084939F /* climbingtracker99UITests */ = {
			isa = PBXFileSystemSynchronizedRootGroup;
			path = climbingtracker99UITests;
			sourceTree = "<group>";
		};
		4ACADD742DB1AEDC0084939F /* ClimbingTrackerWidget */ = {
			isa = PBXFileSystemSynchronizedRootGroup;
			exceptions = (
				4ACADD852DB1AEDE0084939F /* Exceptions for "ClimbingTrackerWidget" folder in "ClimbingTrackerWidgetExtension" target */,
			);
			path = ClimbingTrackerWidget;
			sourceTree = "<group>";
		};
/* End PBXFileSystemSynchronizedRootGroup section */

/* Begin PBXFrameworksBuildPhase section */
		4ACADD0B2DB17C4E0084939F /* Frameworks */ = {
			isa = PBXFrameworksBuildPhase;
			buildActionMask = 2147483647;
			files = (
			);
			runOnlyForDeploymentPostprocessing = 0;
		};
		4ACADD1D2DB17C500084939F /* Frameworks */ = {
			isa = PBXFrameworksBuildPhase;
			buildActionMask = 2147483647;
			files = (
			);
			runOnlyForDeploymentPostprocessing = 0;
		};
		4ACADD272DB17C510084939F /* Frameworks */ = {
			isa = PBXFrameworksBuildPhase;
			buildActionMask = 2147483647;
			files = (
			);
			runOnlyForDeploymentPostprocessing = 0;
		};
		4ACADD6B2DB1AEDB0084939F /* Frameworks */ = {
			isa = PBXFrameworksBuildPhase;
			buildActionMask = 2147483647;
			files = (
				4ACADD732DB1AEDC0084939F /* SwiftUI.framework in Frameworks */,
				4ACADD712DB1AEDC0084939F /* WidgetKit.framework in Frameworks */,
			);
			runOnlyForDeploymentPostprocessing = 0;
		};
/* End PBXFrameworksBuildPhase section */

/* Begin PBXGroup section */
		4ACADD052DB17C4E0084939F = {
			isa = PBXGroup;
			children = (
				4ACADD8B2DB1AFA50084939F /* ClimbingTrackerWidgetExtension.entitlements */,
				4ACADD102DB17C4E0084939F /* climbingtracker99 */,
				4ACADD232DB17C500084939F /* climbingtracker99Tests */,
				4ACADD2D2DB17C510084939F /* climbingtracker99UITests */,
				4ACADD742DB1AEDC0084939F /* ClimbingTrackerWidget */,
				4ACADD6F2DB1AEDB0084939F /* Frameworks */,
				4ACADD0F2DB17C4E0084939F /* Products */,
			);
			sourceTree = "<group>";
		};
		4ACADD0F2DB17C4E0084939F /* Products */ = {
			isa = PBXGroup;
			children = (
				4ACADD0E2DB17C4E0084939F /* climbingtracker99.app */,
				4ACADD202DB17C500084939F /* climbingtracker99Tests.xctest */,
				4ACADD2A2DB17C510084939F /* climbingtracker99UITests.xctest */,
				4ACADD6E2DB1AEDB0084939F /* ClimbingTrackerWidgetExtension.appex */,
			);
			name = Products;
			sourceTree = "<group>";
		};
		4ACADD6F2DB1AEDB0084939F /* Frameworks */ = {
			isa = PBXGroup;
			children = (
				4ACADD702DB1AEDB0084939F /* WidgetKit.framework */,
				4ACADD722DB1AEDC0084939F /* SwiftUI.framework */,
			);
			name = Frameworks;
			sourceTree = "<group>";
		};
/* End PBXGroup section */

/* Begin PBXNativeTarget section */
		4ACADD0D2DB17C4E0084939F /* climbingtracker99 */ = {
			isa = PBXNativeTarget;
			buildConfigurationList = 4ACADD342DB17C510084939F /* Build configuration list for PBXNativeTarget "climbingtracker99" */;
			buildPhases = (
				4ACADD0A2DB17C4E0084939F /* Sources */,
				4ACADD0B2DB17C4E0084939F /* Frameworks */,
				4ACADD0C2DB17C4E0084939F /* Resources */,
				4ACADD892DB1AEDE0084939F /* Embed Foundation Extensions */,
			);
			buildRules = (
			);
			dependencies = (
				4ACADD832DB1AEDE0084939F /* PBXTargetDependency */,
			);
			fileSystemSynchronizedGroups = (
				4ACADD102DB17C4E0084939F /* climbingtracker99 */,
			);
			name = climbingtracker99;
			packageProductDependencies = (
			);
			productName = climbingtracker99;
			productReference = 4ACADD0E2DB17C4E0084939F /* climbingtracker99.app */;
			productType = "com.apple.product-type.application";
		};
		4ACADD1F2DB17C500084939F /* climbingtracker99Tests */ = {
			isa = PBXNativeTarget;
			buildConfigurationList = 4ACADD372DB17C510084939F /* Build configuration list for PBXNativeTarget "climbingtracker99Tests" */;
			buildPhases = (
				4ACADD1C2DB17C500084939F /* Sources */,
				4ACADD1D2DB17C500084939F /* Frameworks */,
				4ACADD1E2DB17C500084939F /* Resources */,
			);
			buildRules = (
			);
			dependencies = (
				4ACADD222DB17C500084939F /* PBXTargetDependency */,
			);
			fileSystemSynchronizedGroups = (
				4ACADD232DB17C500084939F /* climbingtracker99Tests */,
			);
			name = climbingtracker99Tests;
			packageProductDependencies = (
			);
			productName = climbingtracker99Tests;
			productReference = 4ACADD202DB17C500084939F /* climbingtracker99Tests.xctest */;
			productType = "com.apple.product-type.bundle.unit-test";
		};
		4ACADD292DB17C510084939F /* climbingtracker99UITests */ = {
			isa = PBXNativeTarget;
			buildConfigurationList = 4ACADD3A2DB17C510084939F /* Build configuration list for PBXNativeTarget "climbingtracker99UITests" */;
			buildPhases = (
				4ACADD262DB17C510084939F /* Sources */,
				4ACADD272DB17C510084939F /* Frameworks */,
				4ACADD282DB17C510084939F /* Resources */,
			);
			buildRules = (
			);
			dependencies = (
				4ACADD2C2DB17C510084939F /* PBXTargetDependency */,
			);
			fileSystemSynchronizedGroups = (
				4ACADD2D2DB17C510084939F /* climbingtracker99UITests */,
			);
			name = climbingtracker99UITests;
			packageProductDependencies = (
			);
			productName = climbingtracker99UITests;
			productReference = 4ACADD2A2DB17C510084939F /* climbingtracker99UITests.xctest */;
			productType = "com.apple.product-type.bundle.ui-testing";
		};
		4ACADD6D2DB1AEDB0084939F /* ClimbingTrackerWidgetExtension */ = {
			isa = PBXNativeTarget;
			buildConfigurationList = 4ACADD862DB1AEDE0084939F /* Build configuration list for PBXNativeTarget "ClimbingTrackerWidgetExtension" */;
			buildPhases = (
				4ACADD6A2DB1AEDB0084939F /* Sources */,
				4ACADD6B2DB1AEDB0084939F /* Frameworks */,
				4ACADD6C2DB1AEDB0084939F /* Resources */,
			);
			buildRules = (
			);
			dependencies = (
			);
			fileSystemSynchronizedGroups = (
				4ACADD742DB1AEDC0084939F /* ClimbingTrackerWidget */,
			);
			name = ClimbingTrackerWidgetExtension;
			packageProductDependencies = (
			);
			productName = ClimbingTrackerWidgetExtension;
			productReference = 4ACADD6E2DB1AEDB0084939F /* ClimbingTrackerWidgetExtension.appex */;
			productType = "com.apple.product-type.app-extension";
		};
/* End PBXNativeTarget section */

/* Begin PBXProject section */
		4ACADD062DB17C4E0084939F /* Project object */ = {
			isa = PBXProject;
			attributes = {
				BuildIndependentTargetsInParallel = 1;
				LastSwiftUpdateCheck = 1620;
				LastUpgradeCheck = 1620;
				TargetAttributes = {
					4ACADD0D2DB17C4E0084939F = {
						CreatedOnToolsVersion = 16.2;
					};
					4ACADD1F2DB17C500084939F = {
						CreatedOnToolsVersion = 16.2;
						TestTargetID = 4ACADD0D2DB17C4E0084939F;
					};
					4ACADD292DB17C510084939F = {
						CreatedOnToolsVersion = 16.2;
						TestTargetID = 4ACADD0D2DB17C4E0084939F;
					};
					4ACADD6D2DB1AEDB0084939F = {
						CreatedOnToolsVersion = 16.2;
					};
				};
			};
			buildConfigurationList = 4ACADD092DB17C4E0084939F /* Build configuration list for PBXProject "climbingtracker99" */;
			developmentRegion = en;
			hasScannedForEncodings = 0;
			knownRegions = (
				en,
				Base,
			);
			mainGroup = 4ACADD052DB17C4E0084939F;
			minimizedProjectReferenceProxies = 1;
			preferredProjectObjectVersion = 77;
			productRefGroup = 4ACADD0F2DB17C4E0084939F /* Products */;
			projectDirPath = "";
			projectRoot = "";
			targets = (
				4ACADD0D2DB17C4E0084939F /* climbingtracker99 */,
				4ACADD1F2DB17C500084939F /* climbingtracker99Tests */,
				4ACADD292DB17C510084939F /* climbingtracker99UITests */,
				4ACADD6D2DB1AEDB0084939F /* ClimbingTrackerWidgetExtension */,
			);
		};
/* End PBXProject section */

/* Begin PBXResourcesBuildPhase section */
		4ACADD0C2DB17C4E0084939F /* Resources */ = {
			isa = PBXResourcesBuildPhase;
			buildActionMask = 2147483647;
			files = (
			);
			runOnlyForDeploymentPostprocessing = 0;
		};
		4ACADD1E2DB17C500084939F /* Resources */ = {
			isa = PBXResourcesBuildPhase;
			buildActionMask = 2147483647;
			files = (
			);
			runOnlyForDeploymentPostprocessing = 0;
		};
		4ACADD282DB17C510084939F /* Resources */ = {
			isa = PBXResourcesBuildPhase;
			buildActionMask = 2147483647;
			files = (
			);
			runOnlyForDeploymentPostprocessing = 0;
		};
		4ACADD6C2DB1AEDB0084939F /* Resources */ = {
			isa = PBXResourcesBuildPhase;
			buildActionMask = 2147483647;
			files = (
			);
			runOnlyForDeploymentPostprocessing = 0;
		};
/* End PBXResourcesBuildPhase section */

/* Begin PBXSourcesBuildPhase section */
		4ACADD0A2DB17C4E0084939F /* Sources */ = {
			isa = PBXSourcesBuildPhase;
			buildActionMask = 2147483647;
			files = (
			);
			runOnlyForDeploymentPostprocessing = 0;
		};
		4ACADD1C2DB17C500084939F /* Sources */ = {
			isa = PBXSourcesBuildPhase;
			buildActionMask = 2147483647;
			files = (
			);
			runOnlyForDeploymentPostprocessing = 0;
		};
		4ACADD262DB17C510084939F /* Sources */ = {
			isa = PBXSourcesBuildPhase;
			buildActionMask = 2147483647;
			files = (
			);
			runOnlyForDeploymentPostprocessing = 0;
		};
		4ACADD6A2DB1AEDB0084939F /* Sources */ = {
			isa = PBXSourcesBuildPhase;
			buildActionMask = 2147483647;
			files = (
			);
			runOnlyForDeploymentPostprocessing = 0;
		};
/* End PBXSourcesBuildPhase section */

/* Begin PBXTargetDependency section */
		4ACADD222DB17C500084939F /* PBXTargetDependency */ = {
			isa = PBXTargetDependency;
			target = 4ACADD0D2DB17C4E0084939F /* climbingtracker99 */;
			targetProxy = 4ACADD212DB17C500084939F /* PBXContainerItemProxy */;
		};
		4ACADD2C2DB17C510084939F /* PBXTargetDependency */ = {
			isa = PBXTargetDependency;
			target = 4ACADD0D2DB17C4E0084939F /* climbingtracker99 */;
			targetProxy = 4ACADD2B2DB17C510084939F /* PBXContainerItemProxy */;
		};
		4ACADD832DB1AEDE0084939F /* PBXTargetDependency */ = {
			isa = PBXTargetDependency;
			target = 4ACADD6D2DB1AEDB0084939F /* ClimbingTrackerWidgetExtension */;
			targetProxy = 4ACADD822DB1AEDE0084939F /* PBXContainerItemProxy */;
		};
/* End PBXTargetDependency section */

/* Begin XCBuildConfiguration section */
		4ACADD322DB17C510084939F /* Debug */ = {
			isa = XCBuildConfiguration;
			buildSettings = {
				ALWAYS_SEARCH_USER_PATHS = NO;
				ASSETCATALOG_COMPILER_GENERATE_SWIFT_ASSET_SYMBOL_EXTENSIONS = YES;
				CLANG_ANALYZER_NONNULL = YES;
				CLANG_ANALYZER_NUMBER_OBJECT_CONVERSION = YES_AGGRESSIVE;
				CLANG_CXX_LANGUAGE_STANDARD = "gnu++20";
				CLANG_ENABLE_MODULES = YES;
				CLANG_ENABLE_OBJC_ARC = YES;
				CLANG_ENABLE_OBJC_WEAK = YES;
				CLANG_WARN_BLOCK_CAPTURE_AUTORELEASING = YES;
				CLANG_WARN_BOOL_CONVERSION = YES;
				CLANG_WARN_COMMA = YES;
				CLANG_WARN_CONSTANT_CONVERSION = YES;
				CLANG_WARN_DEPRECATED_OBJC_IMPLEMENTATIONS = YES;
				CLANG_WARN_DIRECT_OBJC_ISA_USAGE = YES_ERROR;
				CLANG_WARN_DOCUMENTATION_COMMENTS = YES;
				CLANG_WARN_EMPTY_BODY = YES;
				CLANG_WARN_ENUM_CONVERSION = YES;
				CLANG_WARN_INFINITE_RECURSION = YES;
				CLANG_WARN_INT_CONVERSION = YES;
				CLANG_WARN_NON_LITERAL_NULL_CONVERSION = YES;
				CLANG_WARN_OBJC_IMPLICIT_RETAIN_SELF = YES;
				CLANG_WARN_OBJC_LITERAL_CONVERSION = YES;
				CLANG_WARN_OBJC_ROOT_CLASS = YES_ERROR;
				CLANG_WARN_QUOTED_INCLUDE_IN_FRAMEWORK_HEADER = YES;
				CLANG_WARN_RANGE_LOOP_ANALYSIS = YES;
				CLANG_WARN_STRICT_PROTOTYPES = YES;
				CLANG_WARN_SUSPICIOUS_MOVE = YES;
				CLANG_WARN_UNGUARDED_AVAILABILITY = YES_AGGRESSIVE;
				CLANG_WARN_UNREACHABLE_CODE = YES;
				CLANG_WARN__DUPLICATE_METHOD_MATCH = YES;
				COPY_PHASE_STRIP = NO;
				DEBUG_INFORMATION_FORMAT = dwarf;
				ENABLE_STRICT_OBJC_MSGSEND = YES;
				ENABLE_TESTABILITY = YES;
				ENABLE_USER_SCRIPT_SANDBOXING = YES;
				GCC_C_LANGUAGE_STANDARD = gnu17;
				GCC_DYNAMIC_NO_PIC = NO;
				GCC_NO_COMMON_BLOCKS = YES;
				GCC_OPTIMIZATION_LEVEL = 0;
				GCC_PREPROCESSOR_DEFINITIONS = (
					"DEBUG=1",
					"$(inherited)",
				);
				GCC_WARN_64_TO_32_BIT_CONVERSION = YES;
				GCC_WARN_ABOUT_RETURN_TYPE = YES_ERROR;
				GCC_WARN_UNDECLARED_SELECTOR = YES;
				GCC_WARN_UNINITIALIZED_AUTOS = YES_AGGRESSIVE;
				GCC_WARN_UNUSED_FUNCTION = YES;
				GCC_WARN_UNUSED_VARIABLE = YES;
				IPHONEOS_DEPLOYMENT_TARGET = 18.2;
				LOCALIZATION_PREFERS_STRING_CATALOGS = YES;
				MTL_ENABLE_DEBUG_INFO = INCLUDE_SOURCE;
				MTL_FAST_MATH = YES;
				ONLY_ACTIVE_ARCH = YES;
				SDKROOT = iphoneos;
				SWIFT_ACTIVE_COMPILATION_CONDITIONS = "DEBUG $(inherited)";
				SWIFT_OPTIMIZATION_LEVEL = "-Onone";
			};
			name = Debug;
		};
		4ACADD332DB17C510084939F /* Release */ = {
			isa = XCBuildConfiguration;
			buildSettings = {
				ALWAYS_SEARCH_USER_PATHS = NO;
				ASSETCATALOG_COMPILER_GENERATE_SWIFT_ASSET_SYMBOL_EXTENSIONS = YES;
				CLANG_ANALYZER_NONNULL = YES;
				CLANG_ANALYZER_NUMBER_OBJECT_CONVERSION = YES_AGGRESSIVE;
				CLANG_CXX_LANGUAGE_STANDARD = "gnu++20";
				CLANG_ENABLE_MODULES = YES;
				CLANG_ENABLE_OBJC_ARC = YES;
				CLANG_ENABLE_OBJC_WEAK = YES;
				CLANG_WARN_BLOCK_CAPTURE_AUTORELEASING = YES;
				CLANG_WARN_BOOL_CONVERSION = YES;
				CLANG_WARN_COMMA = YES;
				CLANG_WARN_CONSTANT_CONVERSION = YES;
				CLANG_WARN_DEPRECATED_OBJC_IMPLEMENTATIONS = YES;
				CLANG_WARN_DIRECT_OBJC_ISA_USAGE = YES_ERROR;
				CLANG_WARN_DOCUMENTATION_COMMENTS = YES;
				CLANG_WARN_EMPTY_BODY = YES;
				CLANG_WARN_ENUM_CONVERSION = YES;
				CLANG_WARN_INFINITE_RECURSION = YES;
				CLANG_WARN_INT_CONVERSION = YES;
				CLANG_WARN_NON_LITERAL_NULL_CONVERSION = YES;
				CLANG_WARN_OBJC_IMPLICIT_RETAIN_SELF = YES;
				CLANG_WARN_OBJC_LITERAL_CONVERSION = YES;
				CLANG_WARN_OBJC_ROOT_CLASS = YES_ERROR;
				CLANG_WARN_QUOTED_INCLUDE_IN_FRAMEWORK_HEADER = YES;
				CLANG_WARN_RANGE_LOOP_ANALYSIS = YES;
				CLANG_WARN_STRICT_PROTOTYPES = YES;
				CLANG_WARN_SUSPICIOUS_MOVE = YES;
				CLANG_WARN_UNGUARDED_AVAILABILITY = YES_AGGRESSIVE;
				CLANG_WARN_UNREACHABLE_CODE = YES;
				CLANG_WARN__DUPLICATE_METHOD_MATCH = YES;
				COPY_PHASE_STRIP = NO;
				DEBUG_INFORMATION_FORMAT = "dwarf-with-dsym";
				ENABLE_NS_ASSERTIONS = NO;
				ENABLE_STRICT_OBJC_MSGSEND = YES;
				ENABLE_USER_SCRIPT_SANDBOXING = YES;
				GCC_C_LANGUAGE_STANDARD = gnu17;
				GCC_NO_COMMON_BLOCKS = YES;
				GCC_WARN_64_TO_32_BIT_CONVERSION = YES;
				GCC_WARN_ABOUT_RETURN_TYPE = YES_ERROR;
				GCC_WARN_UNDECLARED_SELECTOR = YES;
				GCC_WARN_UNINITIALIZED_AUTOS = YES_AGGRESSIVE;
				GCC_WARN_UNUSED_FUNCTION = YES;
				GCC_WARN_UNUSED_VARIABLE = YES;
				IPHONEOS_DEPLOYMENT_TARGET = 18.2;
				LOCALIZATION_PREFERS_STRING_CATALOGS = YES;
				MTL_ENABLE_DEBUG_INFO = NO;
				MTL_FAST_MATH = YES;
				SDKROOT = iphoneos;
				SWIFT_COMPILATION_MODE = wholemodule;
				VALIDATE_PRODUCT = YES;
			};
			name = Release;
		};
		4ACADD352DB17C510084939F /* Debug */ = {
			isa = XCBuildConfiguration;
			buildSettings = {
				ASSETCATALOG_COMPILER_APPICON_NAME = AppIcon;
				ASSETCATALOG_COMPILER_GLOBAL_ACCENT_COLOR_NAME = AccentColor;
				CODE_SIGN_ENTITLEMENTS = climbingtracker99/climbingtracker99.entitlements;
				CODE_SIGN_STYLE = Automatic;
				CURRENT_PROJECT_VERSION = 1;
				DEVELOPMENT_ASSET_PATHS = "\"climbingtracker99/Preview Content\"";
				DEVELOPMENT_TEAM = UWUAQ5RCV7;
				ENABLE_PREVIEWS = YES;
				GENERATE_INFOPLIST_FILE = YES;
				INFOPLIST_KEY_CFBundleDisplayName = "Climbing Tracker";
				INFOPLIST_KEY_LSApplicationCategoryType = "public.app-category.healthcare-fitness";
				INFOPLIST_KEY_UIApplicationSceneManifest_Generation = YES;
				INFOPLIST_KEY_UIApplicationSupportsIndirectInputEvents = YES;
				INFOPLIST_KEY_UILaunchScreen_Generation = YES;
				INFOPLIST_KEY_UISupportedInterfaceOrientations_iPad = "UIInterfaceOrientationPortrait UIInterfaceOrientationPortraitUpsideDown UIInterfaceOrientationLandscapeLeft UIInterfaceOrientationLandscapeRight";
				INFOPLIST_KEY_UISupportedInterfaceOrientations_iPhone = "UIInterfaceOrientationPortrait UIInterfaceOrientationLandscapeLeft UIInterfaceOrientationLandscapeRight";
				LD_RUNPATH_SEARCH_PATHS = (
					"$(inherited)",
					"@executable_path/Frameworks",
				);
				MARKETING_VERSION = 1.0;
				PRODUCT_BUNDLE_IDENTIFIER = "com.tornado-studios.climbingtracker99";
				PRODUCT_NAME = "$(TARGET_NAME)";
				SWIFT_EMIT_LOC_STRINGS = YES;
				SWIFT_VERSION = 5.0;
				TARGETED_DEVICE_FAMILY = "1,2";
			};
			name = Debug;
		};
		4ACADD362DB17C510084939F /* Release */ = {
			isa = XCBuildConfiguration;
			buildSettings = {
				ASSETCATALOG_COMPILER_APPICON_NAME = AppIcon;
				ASSETCATALOG_COMPILER_GLOBAL_ACCENT_COLOR_NAME = AccentColor;
				CODE_SIGN_ENTITLEMENTS = climbingtracker99/climbingtracker99.entitlements;
				CODE_SIGN_STYLE = Automatic;
				CURRENT_PROJECT_VERSION = 1;
				DEVELOPMENT_ASSET_PATHS = "\"climbingtracker99/Preview Content\"";
				DEVELOPMENT_TEAM = UWUAQ5RCV7;
				ENABLE_PREVIEWS = YES;
				GENERATE_INFOPLIST_FILE = YES;
				INFOPLIST_KEY_CFBundleDisplayName = "Climbing Tracker";
				INFOPLIST_KEY_LSApplicationCategoryType = "public.app-category.healthcare-fitness";
				INFOPLIST_KEY_UIApplicationSceneManifest_Generation = YES;
				INFOPLIST_KEY_UIApplicationSupportsIndirectInputEvents = YES;
				INFOPLIST_KEY_UILaunchScreen_Generation = YES;
				INFOPLIST_KEY_UISupportedInterfaceOrientations_iPad = "UIInterfaceOrientationPortrait UIInterfaceOrientationPortraitUpsideDown UIInterfaceOrientationLandscapeLeft UIInterfaceOrientationLandscapeRight";
				INFOPLIST_KEY_UISupportedInterfaceOrientations_iPhone = "UIInterfaceOrientationPortrait UIInterfaceOrientationLandscapeLeft UIInterfaceOrientationLandscapeRight";
				LD_RUNPATH_SEARCH_PATHS = (
					"$(inherited)",
					"@executable_path/Frameworks",
				);
				MARKETING_VERSION = 1.0;
				PRODUCT_BUNDLE_IDENTIFIER = "com.tornado-studios.climbingtracker99";
				PRODUCT_NAME = "$(TARGET_NAME)";
				SWIFT_EMIT_LOC_STRINGS = YES;
				SWIFT_VERSION = 5.0;
				TARGETED_DEVICE_FAMILY = "1,2";
			};
			name = Release;
		};
		4ACADD382DB17C510084939F /* Debug */ = {
			isa = XCBuildConfiguration;
			buildSettings = {
				BUNDLE_LOADER = "$(TEST_HOST)";
				CODE_SIGN_STYLE = Automatic;
				CURRENT_PROJECT_VERSION = 1;
				DEVELOPMENT_TEAM = UWUAQ5RCV7;
				GENERATE_INFOPLIST_FILE = YES;
				IPHONEOS_DEPLOYMENT_TARGET = 18.2;
				MARKETING_VERSION = 1.0;
				PRODUCT_BUNDLE_IDENTIFIER = "com.tornado-studios.climbingtracker99Tests";
				PRODUCT_NAME = "$(TARGET_NAME)";
				SWIFT_EMIT_LOC_STRINGS = NO;
				SWIFT_VERSION = 5.0;
				TARGETED_DEVICE_FAMILY = "1,2";
				TEST_HOST = "$(BUILT_PRODUCTS_DIR)/climbingtracker99.app/$(BUNDLE_EXECUTABLE_FOLDER_PATH)/climbingtracker99";
			};
			name = Debug;
		};
		4ACADD392DB17C510084939F /* Release */ = {
			isa = XCBuildConfiguration;
			buildSettings = {
				BUNDLE_LOADER = "$(TEST_HOST)";
				CODE_SIGN_STYLE = Automatic;
				CURRENT_PROJECT_VERSION = 1;
				DEVELOPMENT_TEAM = UWUAQ5RCV7;
				GENERATE_INFOPLIST_FILE = YES;
				IPHONEOS_DEPLOYMENT_TARGET = 18.2;
				MARKETING_VERSION = 1.0;
				PRODUCT_BUNDLE_IDENTIFIER = "com.tornado-studios.climbingtracker99Tests";
				PRODUCT_NAME = "$(TARGET_NAME)";
				SWIFT_EMIT_LOC_STRINGS = NO;
				SWIFT_VERSION = 5.0;
				TARGETED_DEVICE_FAMILY = "1,2";
				TEST_HOST = "$(BUILT_PRODUCTS_DIR)/climbingtracker99.app/$(BUNDLE_EXECUTABLE_FOLDER_PATH)/climbingtracker99";
			};
			name = Release;
		};
		4ACADD3B2DB17C510084939F /* Debug */ = {
			isa = XCBuildConfiguration;
			buildSettings = {
				CODE_SIGN_STYLE = Automatic;
				CURRENT_PROJECT_VERSION = 1;
				DEVELOPMENT_TEAM = UWUAQ5RCV7;
				GENERATE_INFOPLIST_FILE = YES;
				MARKETING_VERSION = 1.0;
				PRODUCT_BUNDLE_IDENTIFIER = "com.tornado-studios.climbingtracker99UITests";
				PRODUCT_NAME = "$(TARGET_NAME)";
				SWIFT_EMIT_LOC_STRINGS = NO;
				SWIFT_VERSION = 5.0;
				TARGETED_DEVICE_FAMILY = "1,2";
				TEST_TARGET_NAME = climbingtracker99;
			};
			name = Debug;
		};
		4ACADD3C2DB17C510084939F /* Release */ = {
			isa = XCBuildConfiguration;
			buildSettings = {
				CODE_SIGN_STYLE = Automatic;
				CURRENT_PROJECT_VERSION = 1;
				DEVELOPMENT_TEAM = UWUAQ5RCV7;
				GENERATE_INFOPLIST_FILE = YES;
				MARKETING_VERSION = 1.0;
				PRODUCT_BUNDLE_IDENTIFIER = "com.tornado-studios.climbingtracker99UITests";
				PRODUCT_NAME = "$(TARGET_NAME)";
				SWIFT_EMIT_LOC_STRINGS = NO;
				SWIFT_VERSION = 5.0;
				TARGETED_DEVICE_FAMILY = "1,2";
				TEST_TARGET_NAME = climbingtracker99;
			};
			name = Release;
		};
		4ACADD872DB1AEDE0084939F /* Debug */ = {
			isa = XCBuildConfiguration;
			buildSettings = {
				ASSETCATALOG_COMPILER_GLOBAL_ACCENT_COLOR_NAME = AccentColor;
				ASSETCATALOG_COMPILER_WIDGET_BACKGROUND_COLOR_NAME = WidgetBackground;
				CODE_SIGN_ENTITLEMENTS = ClimbingTrackerWidgetExtension.entitlements;
				CODE_SIGN_STYLE = Automatic;
				CURRENT_PROJECT_VERSION = 1;
				DEVELOPMENT_TEAM = UWUAQ5RCV7;
				GENERATE_INFOPLIST_FILE = YES;
				INFOPLIST_FILE = ClimbingTrackerWidget/Info.plist;
				INFOPLIST_KEY_CFBundleDisplayName = ClimbingTrackerWidget;
				INFOPLIST_KEY_NSHumanReadableCopyright = "";
				LD_RUNPATH_SEARCH_PATHS = (
					"$(inherited)",
					"@executable_path/Frameworks",
					"@executable_path/../../Frameworks",
				);
				MARKETING_VERSION = 1.0;
				PRODUCT_BUNDLE_IDENTIFIER = "com.tornado-studios.climbingtracker99.ClimbingTrackerWidget";
				PRODUCT_NAME = "$(TARGET_NAME)";
				SKIP_INSTALL = YES;
				SWIFT_EMIT_LOC_STRINGS = YES;
				SWIFT_VERSION = 5.0;
				TARGETED_DEVICE_FAMILY = "1,2";
			};
			name = Debug;
		};
		4ACADD882DB1AEDE0084939F /* Release */ = {
			isa = XCBuildConfiguration;
			buildSettings = {
				ASSETCATALOG_COMPILER_GLOBAL_ACCENT_COLOR_NAME = AccentColor;
				ASSETCATALOG_COMPILER_WIDGET_BACKGROUND_COLOR_NAME = WidgetBackground;
				CODE_SIGN_ENTITLEMENTS = ClimbingTrackerWidgetExtension.entitlements;
				CODE_SIGN_STYLE = Automatic;
				CURRENT_PROJECT_VERSION = 1;
				DEVELOPMENT_TEAM = UWUAQ5RCV7;
				GENERATE_INFOPLIST_FILE = YES;
				INFOPLIST_FILE = ClimbingTrackerWidget/Info.plist;
				INFOPLIST_KEY_CFBundleDisplayName = ClimbingTrackerWidget;
				INFOPLIST_KEY_NSHumanReadableCopyright = "";
				LD_RUNPATH_SEARCH_PATHS = (
					"$(inherited)",
					"@executable_path/Frameworks",
					"@executable_path/../../Frameworks",
				);
				MARKETING_VERSION = 1.0;
				PRODUCT_BUNDLE_IDENTIFIER = "com.tornado-studios.climbingtracker99.ClimbingTrackerWidget";
				PRODUCT_NAME = "$(TARGET_NAME)";
				SKIP_INSTALL = YES;
				SWIFT_EMIT_LOC_STRINGS = YES;
				SWIFT_VERSION = 5.0;
				TARGETED_DEVICE_FAMILY = "1,2";
			};
			name = Release;
		};
/* End XCBuildConfiguration section */

/* Begin XCConfigurationList section */
		4ACADD092DB17C4E0084939F /* Build configuration list for PBXProject "climbingtracker99" */ = {
			isa = XCConfigurationList;
			buildConfigurations = (
				4ACADD322DB17C510084939F /* Debug */,
				4ACADD332DB17C510084939F /* Release */,
			);
			defaultConfigurationIsVisible = 0;
			defaultConfigurationName = Release;
		};
		4ACADD342DB17C510084939F /* Build configuration list for PBXNativeTarget "climbingtracker99" */ = {
			isa = XCConfigurationList;
			buildConfigurations = (
				4ACADD352DB17C510084939F /* Debug */,
				4ACADD362DB17C510084939F /* Release */,
			);
			defaultConfigurationIsVisible = 0;
			defaultConfigurationName = Release;
		};
		4ACADD372DB17C510084939F /* Build configuration list for PBXNativeTarget "climbingtracker99Tests" */ = {
			isa = XCConfigurationList;
			buildConfigurations = (
				4ACADD382DB17C510084939F /* Debug */,
				4ACADD392DB17C510084939F /* Release */,
			);
			defaultConfigurationIsVisible = 0;
			defaultConfigurationName = Release;
		};
		4ACADD3A2DB17C510084939F /* Build configuration list for PBXNativeTarget "climbingtracker99UITests" */ = {
			isa = XCConfigurationList;
			buildConfigurations = (
				4ACADD3B2DB17C510084939F /* Debug */,
				4ACADD3C2DB17C510084939F /* Release */,
			);
			defaultConfigurationIsVisible = 0;
			defaultConfigurationName = Release;
		};
		4ACADD862DB1AEDE0084939F /* Build configuration list for PBXNativeTarget "ClimbingTrackerWidgetExtension" */ = {
			isa = XCConfigurationList;
			buildConfigurations = (
				4ACADD872DB1AEDE0084939F /* Debug */,
				4ACADD882DB1AEDE0084939F /* Release */,
			);
			defaultConfigurationIsVisible = 0;
			defaultConfigurationName = Release;
		};
/* End XCConfigurationList section */
	};
	rootObject = 4ACADD062DB17C4E0084939F /* Project object */;
}
